
Microsoft Visual Studio Solution File, Format Version 12.00
# Visual Studio 14
VisualStudioVersion = 14.0.24720.0
MinimumVisualStudioVersion = 10.0.40219.1
Project("{2150E333-8FDC-42A3-9474-1A3956D46DE8}") = "src", "src", "{D46DE0F8-9457-4279-A0A4-156EF1230D12}"
EndProject
Project("{2150E333-8FDC-42A3-9474-1A3956D46DE8}") = "Solution Items", "Solution Items", "{AEFE640F-84A6-4CE2-A944-B150F75FF90A}"
	ProjectSection(SolutionItems) = preProject
		global.json = global.json
	EndProjectSection
EndProject
Project("{2150E333-8FDC-42A3-9474-1A3956D46DE8}") = "test", "test", "{772EF0B0-3333-4CFE-B27A-E9DDF766701C}"
EndProject
Project("{8BB2217D-0F2D-49D1-97BC-3654ED321F3B}") = "Kendo.Helpers.Core", "src\Kendo.Helpers.Core\Kendo.Helpers.Core.xproj", "{EA9EFE78-C45B-4C13-9C11-2C37668F7B71}"
EndProject
Project("{8BB2217D-0F2D-49D1-97BC-3654ED321F3B}") = "Kendo.Helpers.UI.Grid", "src\Kendo.Helpers.UI.Grid\Kendo.Helpers.UI.Grid.xproj", "{94201D2A-97C0-4167-BBD5-06A3C8C22311}"
EndProject
Project("{8BB2217D-0F2D-49D1-97BC-3654ED321F3B}") = "Kendo.Helpers.Data", "src\Kendo.Helpers.Data\Kendo.Helpers.Data.xproj", "{9BBE3666-3DAF-42EF-89E0-BA8B9CCCC506}"
EndProject
Project("{8BB2217D-0F2D-49D1-97BC-3654ED321F3B}") = "Kendo.Helpers.Data.Tests", "test\Kendo.Helpers.Data.Tests\Kendo.Helpers.Data.Tests.xproj", "{678BCD59-D26F-44D4-A350-6E1BB111285F}"
EndProject
Project("{8BB2217D-0F2D-49D1-97BC-3654ED321F3B}") = "Kendo.Helpers.UI.Grid.Tests", "test\Kendo.Helpers.UI.Grid.Tests\Kendo.Helpers.UI.Grid.Tests.xproj", "{0C772E4D-8506-4B61-A7CC-34782D90375A}"
EndProject
Project("{8BB2217D-0F2D-49D1-97BC-3654ED321F3B}") = "Kendo.Helpers.UI.AutoComplete", "src\Kendo.Helpers.UI.AutoComplete\Kendo.Helpers.UI.AutoComplete.xproj", "{3FE35C22-0170-4B4A-8CD2-631597648D83}"
EndProject
Project("{8BB2217D-0F2D-49D1-97BC-3654ED321F3B}") = "Kendo.Helpers.UI.AutoComplete.Tests", "test\Kendo.Helpers.UI.AutoComplete.Tests\Kendo.Helpers.UI.AutoComplete.Tests.xproj", "{C15D955E-DC62-4F1B-B658-320F2D9CC994}"
EndProject
Global
	GlobalSection(SolutionConfigurationPlatforms) = preSolution
		Debug|Any CPU = Debug|Any CPU
		Release|Any CPU = Release|Any CPU
	EndGlobalSection
	GlobalSection(ProjectConfigurationPlatforms) = postSolution
		{EA9EFE78-C45B-4C13-9C11-2C37668F7B71}.Debug|Any CPU.ActiveCfg = Debug|Any CPU
		{EA9EFE78-C45B-4C13-9C11-2C37668F7B71}.Debug|Any CPU.Build.0 = Debug|Any CPU
		{EA9EFE78-C45B-4C13-9C11-2C37668F7B71}.Release|Any CPU.ActiveCfg = Release|Any CPU
		{EA9EFE78-C45B-4C13-9C11-2C37668F7B71}.Release|Any CPU.Build.0 = Release|Any CPU
		{94201D2A-97C0-4167-BBD5-06A3C8C22311}.Debug|Any CPU.ActiveCfg = Debug|Any CPU
		{94201D2A-97C0-4167-BBD5-06A3C8C22311}.Debug|Any CPU.Build.0 = Debug|Any CPU
		{94201D2A-97C0-4167-BBD5-06A3C8C22311}.Release|Any CPU.ActiveCfg = Release|Any CPU
		{94201D2A-97C0-4167-BBD5-06A3C8C22311}.Release|Any CPU.Build.0 = Release|Any CPU
		{9BBE3666-3DAF-42EF-89E0-BA8B9CCCC506}.Debug|Any CPU.ActiveCfg = Debug|Any CPU
		{9BBE3666-3DAF-42EF-89E0-BA8B9CCCC506}.Debug|Any CPU.Build.0 = Debug|Any CPU
		{9BBE3666-3DAF-42EF-89E0-BA8B9CCCC506}.Release|Any CPU.ActiveCfg = Release|Any CPU
		{9BBE3666-3DAF-42EF-89E0-BA8B9CCCC506}.Release|Any CPU.Build.0 = Release|Any CPU
		{678BCD59-D26F-44D4-A350-6E1BB111285F}.Debug|Any CPU.ActiveCfg = Debug|Any CPU
		{678BCD59-D26F-44D4-A350-6E1BB111285F}.Debug|Any CPU.Build.0 = Debug|Any CPU
		{678BCD59-D26F-44D4-A350-6E1BB111285F}.Release|Any CPU.ActiveCfg = Release|Any CPU
		{678BCD59-D26F-44D4-A350-6E1BB111285F}.Release|Any CPU.Build.0 = Release|Any CPU
		{0C772E4D-8506-4B61-A7CC-34782D90375A}.Debug|Any CPU.ActiveCfg = Debug|Any CPU
		{0C772E4D-8506-4B61-A7CC-34782D90375A}.Debug|Any CPU.Build.0 = Debug|Any CPU
		{0C772E4D-8506-4B61-A7CC-34782D90375A}.Release|Any CPU.ActiveCfg = Release|Any CPU
		{0C772E4D-8506-4B61-A7CC-34782D90375A}.Release|Any CPU.Build.0 = Release|Any CPU
		{3FE35C22-0170-4B4A-8CD2-631597648D83}.Debug|Any CPU.ActiveCfg = Debug|Any CPU
		{3FE35C22-0170-4B4A-8CD2-631597648D83}.Debug|Any CPU.Build.0 = Debug|Any CPU
		{3FE35C22-0170-4B4A-8CD2-631597648D83}.Release|Any CPU.ActiveCfg = Release|Any CPU
		{3FE35C22-0170-4B4A-8CD2-631597648D83}.Release|Any CPU.Build.0 = Release|Any CPU
		{C15D955E-DC62-4F1B-B658-320F2D9CC994}.Debug|Any CPU.ActiveCfg = Debug|Any CPU
		{C15D955E-DC62-4F1B-B658-320F2D9CC994}.Debug|Any CPU.Build.0 = Debug|Any CPU
		{C15D955E-DC62-4F1B-B658-320F2D9CC994}.Release|Any CPU.ActiveCfg = Release|Any CPU
		{C15D955E-DC62-4F1B-B658-320F2D9CC994}.Release|Any CPU.Build.0 = Release|Any CPU
	EndGlobalSection
	GlobalSection(SolutionProperties) = preSolution
		HideSolutionNode = FALSE
	EndGlobalSection
	GlobalSection(NestedProjects) = preSolution
		{EA9EFE78-C45B-4C13-9C11-2C37668F7B71} = {D46DE0F8-9457-4279-A0A4-156EF1230D12}
		{94201D2A-97C0-4167-BBD5-06A3C8C22311} = {D46DE0F8-9457-4279-A0A4-156EF1230D12}
		{9BBE3666-3DAF-42EF-89E0-BA8B9CCCC506} = {D46DE0F8-9457-4279-A0A4-156EF1230D12}
		{678BCD59-D26F-44D4-A350-6E1BB111285F} = {772EF0B0-3333-4CFE-B27A-E9DDF766701C}
		{0C772E4D-8506-4B61-A7CC-34782D90375A} = {772EF0B0-3333-4CFE-B27A-E9DDF766701C}
		{3FE35C22-0170-4B4A-8CD2-631597648D83} = {D46DE0F8-9457-4279-A0A4-156EF1230D12}
		{C15D955E-DC62-4F1B-B658-320F2D9CC994} = {772EF0B0-3333-4CFE-B27A-E9DDF766701C}
	EndGlobalSection
EndGlobal
